
Microsoft Visual Studio Solution File, Format Version 12.00
# Visual Studio 15
VisualStudioVersion = 15.0.28010.2016
MinimumVisualStudioVersion = 10.0.40219.1
Project("{888888A0-9F3D-457C-B088-3A5042F75D52}") = "MultiplicationTable", "MultiplicationTable\MultiplicationTable.pyproj", "{C2A25373-A060-4587-A541-421D995727A2}"
EndProject
Global
	GlobalSection(SolutionConfigurationPlatforms) = preSolution
		Debug|Any CPU = Debug|Any CPU
		Release|Any CPU = Release|Any CPU
	EndGlobalSection
	GlobalSection(ProjectConfigurationPlatforms) = postSolution
		{C2A25373-A060-4587-A541-421D995727A2}.Debug|Any CPU.ActiveCfg = Debug|Any CPU
		{C2A25373-A060-4587-A541-421D995727A2}.Release|Any CPU.ActiveCfg = Release|Any CPU
	EndGlobalSection
	GlobalSection(SolutionProperties) = preSolution
		HideSolutionNode = FALSE
	EndGlobalSection
	GlobalSection(ExtensibilityGlobals) = postSolution
		SolutionGuid = {F0514B7C-112C-47CE-AA4E-79CF141F7BDC}
	EndGlobalSection
EndGlobal
